{
    "_meta": {
        "hash": {
            "sha256": "b86ae1b02c558daa3f9e3919a6c509c294894aa38104c27a888acfad60b06aae"
        },
        "pipfile-spec": 6,
        "requires": {
            "python_version": "3.10.8"
        },
        "sources": [
            {
                "name": "pypi",
                "url": "https://pypi.org/simple",
                "verify_ssl": true
            }
        ]
    },
    "default": {
        "fake-bpy-module-latest": {
            "hashes": [
                "sha256:1d9187735fb73668048d793cfe83721fbb72f480b84c225ce11608fa0aa87dc6",
                "sha256:90aed7b31700d4176f52607dc84ae61420d40bd0e7978cdd53553b19475d48f6"
            ],
            "index": "pypi",
            "version": "==20230706"
        }
    },
    "develop": {}
}
