{
    "_meta": {
        "hash": {
            "sha256": "b86ae1b02c558daa3f9e3919a6c509c294894aa38104c27a888acfad60b06aae"
        },
        "pipfile-spec": 6,
        "requires": {
            "python_version": "3.10.8"
        },
        "sources": [
            {
                "name": "pypi",
                "url": "https://pypi.org/simple",
                "verify_ssl": true
            }
        ]
    },
    "default": {
        "fake-bpy-module-latest": {
            "hashes": [
                "sha256:013c551d2e4457a6e3f6facd4e2f9216626ed9c901e6dec344e17369f29f7645",
                "sha256:7ab864cf2ddf07b1d7219b8bc80a8921e619eb2efb96a08662b78c56cf7b6fc1"
            ],
            "index": "pypi",
            "version": "==20231121"
        }
    },
    "develop": {}
}
